dependencies:
  espressif/esp32_io_expander:
    component_hash: c153d044e1b25bc5e4804b4d9516a623bca524188d13151cbf10e92e3a9cda02
    dependencies:
    - name: idf
      require: private
      version: '>=5.1'
    source:
      registry_url: https://components.espressif.com/
      type: service
    version: 0.1.0
  espressif/esp_lcd_touch:
    component_hash: 779b4ba2464a3ae85681e4b860caa5fdc35801458c23f3039ee761bae7f442a4
    dependencies:
    - name: idf
      registry_url: https://components.espressif.com
      require: private
      version: '>=4.4.2'
    source:
      registry_url: https://components.espressif.com/
      type: service
    version: 1.1.2
  espressif/esp_lcd_touch_gt911:
    component_hash: 145801c24c7ecfa2c43eea0dd5e87fd5bde5653eb9a48d619c7bad60b20a1acf
    dependencies:
    - name: espressif/esp_lcd_touch
      registry_url: https://components.espressif.com/
      require: public
      version: ^1.1.0
    - name: idf
      require: private
      version: '>=4.4.2'
    source:
      registry_url: https://components.espressif.com/
      type: service
    version: 1.1.1~2
  idf:
    source:
      type: idf
    version: 5.4.0
  slint/slint:
    component_hash: c0aa57c3dabb3eb1f6909bc68aa98698f8e7f38a1c1d29bace2b5a3d9d8f1181
    dependencies:
    - name: espressif/esp_lcd_touch
      registry_url: https://components.espressif.com/
      require: public
      version: '>=1.0.4'
    - name: idf
      require: private
      version: '>=5.1'
    source:
      registry_url: https://components.espressif.com/
      type: service
    version: 1.9.1
direct_dependencies:
- espressif/esp32_io_expander
- espressif/esp_lcd_touch_gt911
- idf
- slint/slint
manifest_hash: 9d02ba90e1de3fd384e9c03b6ca69fe0ba7b9836cca0e63f9d631dfd402c7381
target: esp32s3
version: 2.0.0
